
Microsoft Visual Studio Solution File, Format Version 12.00
# Visual Studio Version 17
VisualStudioVersion = 17.2.32630.192
MinimumVisualStudioVersion = 10.0.40219.1
Project("{FAE04EC0-301F-11D3-BF4B-00C04F79EFBC}") = "Hospital", "Hospital\Hospital.csproj", "{5494D3BF-AFA6-49BA-92B3-EFF712534AA8}"
EndProject
Global
	GlobalSection(SolutionConfigurationPlatforms) = preSolution
		Debug|Any CPU = Debug|Any CPU
		Release|Any CPU = Release|Any CPU
	EndGlobalSection
	GlobalSection(ProjectConfigurationPlatforms) = postSolution
		{5494D3BF-AFA6-49BA-92B3-EFF712534AA8}.Debug|Any CPU.ActiveCfg = Debug|Any CPU
		{5494D3BF-AFA6-49BA-92B3-EFF712534AA8}.Debug|Any CPU.Build.0 = Debug|Any CPU
		{5494D3BF-AFA6-49BA-92B3-EFF712534AA8}.Release|Any CPU.ActiveCfg = Release|Any CPU
		{5494D3BF-AFA6-49BA-92B3-EFF712534AA8}.Release|Any CPU.Build.0 = Release|Any CPU
	EndGlobalSection
	GlobalSection(SolutionProperties) = preSolution
		HideSolutionNode = FALSE
	EndGlobalSection
	GlobalSection(ExtensibilityGlobals) = postSolution
		SolutionGuid = {809940A4-EDFA-4A21-8AF7-3BF554BCECF9}
	EndGlobalSection
EndGlobal
